
Microsoft Visual Studio Solution File, Format Version 12.00
# Visual Studio Version 17
VisualStudioVersion = 17.10.35013.160
MinimumVisualStudioVersion = 10.0.40219.1
Project("{FAE04EC0-301F-11D3-BF4B-00C04F79EFBC}") = "UserTable", "UserTable\UserTable.csproj", "{D2EABC84-1509-4D45-98F1-BF5BCFC43627}"
EndProject
Global
	GlobalSection(SolutionConfigurationPlatforms) = preSolution
		Debug|Any CPU = Debug|Any CPU
		Release|Any CPU = Release|Any CPU
	EndGlobalSection
	GlobalSection(ProjectConfigurationPlatforms) = postSolution
		{D2EABC84-1509-4D45-98F1-BF5BCFC43627}.Debug|Any CPU.ActiveCfg = Debug|Any CPU
		{D2EABC84-1509-4D45-98F1-BF5BCFC43627}.Debug|Any CPU.Build.0 = Debug|Any CPU
		{D2EABC84-1509-4D45-98F1-BF5BCFC43627}.Release|Any CPU.ActiveCfg = Release|Any CPU
		{D2EABC84-1509-4D45-98F1-BF5BCFC43627}.Release|Any CPU.Build.0 = Release|Any CPU
	EndGlobalSection
	GlobalSection(SolutionProperties) = preSolution
		HideSolutionNode = FALSE
	EndGlobalSection
	GlobalSection(ExtensibilityGlobals) = postSolution
		SolutionGuid = {002E3BC5-8D09-4997-9B77-B7A4E09B725E}
	EndGlobalSection
EndGlobal
